
Microsoft Visual Studio Solution File, Format Version 12.00
# Visual Studio Version 17
VisualStudioVersion = 17.10.35013.160
MinimumVisualStudioVersion = 10.0.40219.1
Project("{9A19103F-16F7-4668-BE54-9A1E7A4F7556}") = "ProjetoWEB", "ProjetoWEB\ProjetoWEB.csproj", "{60B41748-7779-4FCF-A18F-AE56D8D4625F}"
EndProject
Global
	GlobalSection(SolutionConfigurationPlatforms) = preSolution
		Debug|Any CPU = Debug|Any CPU
		Release|Any CPU = Release|Any CPU
	EndGlobalSection
	GlobalSection(ProjectConfigurationPlatforms) = postSolution
		{60B41748-7779-4FCF-A18F-AE56D8D4625F}.Debug|Any CPU.ActiveCfg = Debug|Any CPU
		{60B41748-7779-4FCF-A18F-AE56D8D4625F}.Debug|Any CPU.Build.0 = Debug|Any CPU
		{60B41748-7779-4FCF-A18F-AE56D8D4625F}.Release|Any CPU.ActiveCfg = Release|Any CPU
		{60B41748-7779-4FCF-A18F-AE56D8D4625F}.Release|Any CPU.Build.0 = Release|Any CPU
	EndGlobalSection
	GlobalSection(SolutionProperties) = preSolution
		HideSolutionNode = FALSE
	EndGlobalSection
	GlobalSection(ExtensibilityGlobals) = postSolution
		SolutionGuid = {E06E0E40-6AF7-4C2E-851B-38AFC7EF8520}
	EndGlobalSection
EndGlobal
